
Microsoft Visual Studio Solution File, Format Version 12.00
# Visual Studio Version 17
VisualStudioVersion = 17.5.002.0
MinimumVisualStudioVersion = 10.0.40219.1
Project("{2150E333-8FDC-42A3-9474-1A3956D46DE8}") = "csharp", "csharp", "{289B94B7-8435-4870-A21C-949D29532B33}"
EndProject
Project("{9A19103F-16F7-4668-BE54-9A1E7A4F7556}") = "shop", "csharp\shop\shop.csproj", "{56CAF519-96A5-43E6-8461-7F840D21A6FB}"
EndProject
Global
	GlobalSection(SolutionConfigurationPlatforms) = preSolution
		Debug|Any CPU = Debug|Any CPU
		Release|Any CPU = Release|Any CPU
	EndGlobalSection
	GlobalSection(ProjectConfigurationPlatforms) = postSolution
		{56CAF519-96A5-43E6-8461-7F840D21A6FB}.Debug|Any CPU.ActiveCfg = Debug|Any CPU
		{56CAF519-96A5-43E6-8461-7F840D21A6FB}.Debug|Any CPU.Build.0 = Debug|Any CPU
		{56CAF519-96A5-43E6-8461-7F840D21A6FB}.Release|Any CPU.ActiveCfg = Release|Any CPU
		{56CAF519-96A5-43E6-8461-7F840D21A6FB}.Release|Any CPU.Build.0 = Release|Any CPU
	EndGlobalSection
	GlobalSection(SolutionProperties) = preSolution
		HideSolutionNode = FALSE
	EndGlobalSection
	GlobalSection(NestedProjects) = preSolution
		{56CAF519-96A5-43E6-8461-7F840D21A6FB} = {289B94B7-8435-4870-A21C-949D29532B33}
	EndGlobalSection
	GlobalSection(ExtensibilityGlobals) = postSolution
		SolutionGuid = {3DD931C5-6A1B-4DBF-928E-D9A9FD14866A}
	EndGlobalSection
EndGlobal
